
Microsoft Visual Studio Solution File, Format Version 12.00
# Visual Studio 14
VisualStudioVersion = 14.0.25420.1
MinimumVisualStudioVersion = 10.0.40219.1
Project("{FAE04EC0-301F-11D3-BF4B-00C04F79EFBC}") = "SampleAppForStack", "SampleAppForStack\SampleAppForStack.csproj", "{657CE7C6-DDDF-4EB6-AD45-AD08D7CE1904}"
EndProject
Global
	GlobalSection(SolutionConfigurationPlatforms) = preSolution
		Debug|Any CPU = Debug|Any CPU
		Release|Any CPU = Release|Any CPU
	EndGlobalSection
	GlobalSection(ProjectConfigurationPlatforms) = postSolution
		{657CE7C6-DDDF-4EB6-AD45-AD08D7CE1904}.Debug|Any CPU.ActiveCfg = Debug|Any CPU
		{657CE7C6-DDDF-4EB6-AD45-AD08D7CE1904}.Debug|Any CPU.Build.0 = Debug|Any CPU
		{657CE7C6-DDDF-4EB6-AD45-AD08D7CE1904}.Release|Any CPU.ActiveCfg = Release|Any CPU
		{657CE7C6-DDDF-4EB6-AD45-AD08D7CE1904}.Release|Any CPU.Build.0 = Release|Any CPU
	EndGlobalSection
	GlobalSection(SolutionProperties) = preSolution
		HideSolutionNode = FALSE
	EndGlobalSection
EndGlobal
